{
  "projects": [
    {
      "projectId": "az4W6VXcp4Uq4NJ5GtxTg5",
      "version": "latest",
      "dependencies": {
        "5dGW8Awro3qq8Hh5MveXLP": "0.0.2"
      },
      "lang": "js",
      "fileLocks": [
        {
          "type": "globalVariant",
          "assetId": "FETysW4npKkWF",
          "checksum": "252a4a87fba0edb0714289a6442a8953"
        },
        {
          "type": "renderModule",
          "assetId": "vi10MrC8cmIB",
          "checksum": "05ed68b25b293425c20941210129622d"
        },
        {
          "type": "cssRules",
          "assetId": "vi10MrC8cmIB",
          "checksum": "05ed68b25b293425c20941210129622d"
        },
        {
          "type": "renderModule",
          "assetId": "JejkMCPIcT0",
          "checksum": "4f5833976f76f1fab750b348e311c3cf"
        },
        {
          "type": "cssRules",
          "assetId": "JejkMCPIcT0",
          "checksum": "4f5833976f76f1fab750b348e311c3cf"
        },
        {
          "type": "renderModule",
          "assetId": "P1wXk6sJHC",
          "checksum": "fb99526c2d7af526897d75138b981df1"
        },
        {
          "type": "cssRules",
          "assetId": "P1wXk6sJHC",
          "checksum": "fb99526c2d7af526897d75138b981df1"
        },
        {
          "type": "icon",
          "assetId": "wD8IUIla8n5",
          "checksum": "0d7123787d50e4378c27d0061022152e"
        },
        {
          "type": "icon",
          "assetId": "I76wj2c3l3y",
          "checksum": "6b2591fa53c376f1cd81658660395d02"
        },
        {
          "type": "renderModule",
          "assetId": "MyfX41bLoV",
          "checksum": "60acb19dd9a1b87de8ab8d3b9a43a72a"
        },
        {
          "type": "cssRules",
          "assetId": "MyfX41bLoV",
          "checksum": "60acb19dd9a1b87de8ab8d3b9a43a72a"
        },
        {
          "type": "renderModule",
          "assetId": "uU40WrBZmX",
          "checksum": "76a3d2a68e3ecf14cf8b0a88dd01a9b2"
        },
        {
          "type": "cssRules",
          "assetId": "uU40WrBZmX",
          "checksum": "76a3d2a68e3ecf14cf8b0a88dd01a9b2"
        },
        {
          "type": "renderModule",
          "assetId": "2MaJyIaWIXg",
          "checksum": "f5d97f9680985e1ed96f1270970a351c"
        },
        {
          "type": "cssRules",
          "assetId": "2MaJyIaWIXg",
          "checksum": "f5d97f9680985e1ed96f1270970a351c"
        },
        {
          "type": "icon",
          "assetId": "yjvXvlq8pDI",
          "checksum": "eaf41ed7ea51a13024bef51cdb57dc8b"
        },
        {
          "type": "icon",
          "assetId": "ZDvu8B59X",
          "checksum": "3a85745e61dacc99feedd709ca01eec6"
        },
        {
          "type": "icon",
          "assetId": "gr_4w0Fso",
          "checksum": "9030ece20f52e2c4954f9415f0a402ae"
        },
        {
          "type": "renderModule",
          "assetId": "HTQEyBdZii",
          "checksum": "0d798b94e7a1faab762d6aa3aad47019"
        },
        {
          "type": "cssRules",
          "assetId": "HTQEyBdZii",
          "checksum": "0d798b94e7a1faab762d6aa3aad47019"
        },
        {
          "type": "renderModule",
          "assetId": "Y0ajM_FbEs",
          "checksum": "369314a812897410aa31a49e3a8279a9"
        },
        {
          "type": "cssRules",
          "assetId": "Y0ajM_FbEs",
          "checksum": "369314a812897410aa31a49e3a8279a9"
        },
        {
          "type": "renderModule",
          "assetId": "fP7sqRD_6i",
          "checksum": "8d77836ffacc0a07e85adc5821692ead"
        },
        {
          "type": "cssRules",
          "assetId": "fP7sqRD_6i",
          "checksum": "8d77836ffacc0a07e85adc5821692ead"
        },
        {
          "type": "renderModule",
          "assetId": "vXSjmOQDKr",
          "checksum": "2899d8bc6ba00216b1d491b36a04374a"
        },
        {
          "type": "cssRules",
          "assetId": "vXSjmOQDKr",
          "checksum": "2899d8bc6ba00216b1d491b36a04374a"
        },
        {
          "type": "renderModule",
          "assetId": "uqUraSuaqp",
          "checksum": "6c3b50068635b606c4feb2cecc313550"
        },
        {
          "type": "cssRules",
          "assetId": "uqUraSuaqp",
          "checksum": "6c3b50068635b606c4feb2cecc313550"
        },
        {
          "type": "renderModule",
          "assetId": "U6Sh9QLZn0",
          "checksum": "7856e871111d8dfff0322cdbd6d3e524"
        },
        {
          "type": "cssRules",
          "assetId": "U6Sh9QLZn0",
          "checksum": "7856e871111d8dfff0322cdbd6d3e524"
        },
        {
          "type": "renderModule",
          "assetId": "bTfmYOGtaw",
          "checksum": "07852d8c474d21d3d1b37813654ea890"
        },
        {
          "type": "cssRules",
          "assetId": "bTfmYOGtaw",
          "checksum": "07852d8c474d21d3d1b37813654ea890"
        },
        {
          "type": "renderModule",
          "assetId": "aNdiZYoFDj",
          "checksum": "467d6faa7fb177348ef4b17283f97e70"
        },
        {
          "type": "cssRules",
          "assetId": "aNdiZYoFDj",
          "checksum": "467d6faa7fb177348ef4b17283f97e70"
        },
        {
          "type": "renderModule",
          "assetId": "fWoZSjoMIY",
          "checksum": "067118c771709fc54246514234b4d775"
        },
        {
          "type": "cssRules",
          "assetId": "fWoZSjoMIY",
          "checksum": "067118c771709fc54246514234b4d775"
        },
        {
          "type": "renderModule",
          "assetId": "jk7i1kUj02",
          "checksum": "e65281be1271678b13195caf9b5c3b06"
        },
        {
          "type": "cssRules",
          "assetId": "jk7i1kUj02",
          "checksum": "e65281be1271678b13195caf9b5c3b06"
        },
        {
          "type": "renderModule",
          "assetId": "t6-6051BEW",
          "checksum": "efe653c16e400ed364c4c32c535950f5"
        },
        {
          "type": "cssRules",
          "assetId": "t6-6051BEW",
          "checksum": "efe653c16e400ed364c4c32c535950f5"
        },
        {
          "type": "renderModule",
          "assetId": "fcBeWNpBaEq",
          "checksum": "3bcc8e08f8bcda539aecb8f45098a7b0"
        },
        {
          "type": "cssRules",
          "assetId": "fcBeWNpBaEq",
          "checksum": "3bcc8e08f8bcda539aecb8f45098a7b0"
        },
        {
          "type": "icon",
          "assetId": "apCUQX7qw7",
          "checksum": "7f47ac2e57edf344ca474c7899f2fa1e"
        },
        {
          "type": "icon",
          "assetId": "KFyYOJgDmT",
          "checksum": "0c1c984336f243796a02a80cb6e8dc95"
        },
        {
          "type": "image",
          "assetId": "J6Y2qU9Li",
          "checksum": "bda22e6b001a178481fe3608bbc91863"
        },
        {
          "type": "image",
          "assetId": "4nMHRA6Ze",
          "checksum": "627ffd0fb3a815f3460dd7478183ddf7"
        },
        {
          "type": "renderModule",
          "assetId": "IzmpBP_M3P",
          "checksum": "c45045bc97b256c5f938344c0770ea9d"
        },
        {
          "type": "cssRules",
          "assetId": "IzmpBP_M3P",
          "checksum": "c45045bc97b256c5f938344c0770ea9d"
        },
        {
          "assetId": "az4W6VXcp4Uq4NJ5GtxTg5",
          "type": "projectCss",
          "checksum": "bec360e793378d6b002bf280e8e37ca2"
        }
      ],
      "codegenVersion": "0.0.1"
    },
    {
      "projectId": "5dGW8Awro3qq8Hh5MveXLP",
      "version": "0.0.2",
      "dependencies": {},
      "lang": "js",
      "fileLocks": [
        {
          "assetId": "5dGW8Awro3qq8Hh5MveXLP",
          "type": "projectCss",
          "checksum": "ef1042ef32b2d570733804dd04acfef3"
        }
      ],
      "codegenVersion": "0.0.1"
    }
  ],
  "cliVersion": "0.1.180"
}
