{
  "projects": [
    {
      "projectId": "az4W6VXcp4Uq4NJ5GtxTg5",
      "version": "latest",
      "dependencies": {
        "5dGW8Awro3qq8Hh5MveXLP": "0.0.2"
      },
      "lang": "js",
      "fileLocks": [
        {
          "type": "globalVariant",
          "assetId": "FETysW4npKkWF",
          "checksum": "252a4a87fba0edb0714289a6442a8953"
        },
        {
          "type": "renderModule",
          "assetId": "vi10MrC8cmIB",
          "checksum": "fb65a6516197bdc65a339e041a87fceb"
        },
        {
          "type": "cssRules",
          "assetId": "vi10MrC8cmIB",
          "checksum": "fb65a6516197bdc65a339e041a87fceb"
        },
        {
          "type": "renderModule",
          "assetId": "JejkMCPIcT0",
          "checksum": "4f5833976f76f1fab750b348e311c3cf"
        },
        {
          "type": "cssRules",
          "assetId": "JejkMCPIcT0",
          "checksum": "4f5833976f76f1fab750b348e311c3cf"
        },
        {
          "type": "renderModule",
          "assetId": "P1wXk6sJHC",
          "checksum": "fb99526c2d7af526897d75138b981df1"
        },
        {
          "type": "cssRules",
          "assetId": "P1wXk6sJHC",
          "checksum": "fb99526c2d7af526897d75138b981df1"
        },
        {
          "type": "icon",
          "assetId": "wD8IUIla8n5",
          "checksum": "0d7123787d50e4378c27d0061022152e"
        },
        {
          "type": "icon",
          "assetId": "I76wj2c3l3y",
          "checksum": "6b2591fa53c376f1cd81658660395d02"
        },
        {
          "type": "renderModule",
          "assetId": "MyfX41bLoV",
          "checksum": "60acb19dd9a1b87de8ab8d3b9a43a72a"
        },
        {
          "type": "cssRules",
          "assetId": "MyfX41bLoV",
          "checksum": "60acb19dd9a1b87de8ab8d3b9a43a72a"
        },
        {
          "type": "renderModule",
          "assetId": "IzmpBP_M3P",
          "checksum": "c45045bc97b256c5f938344c0770ea9d"
        },
        {
          "type": "cssRules",
          "assetId": "IzmpBP_M3P",
          "checksum": "c45045bc97b256c5f938344c0770ea9d"
        },
        {
          "type": "renderModule",
          "assetId": "uU40WrBZmX",
          "checksum": "d9ff46d4648a211d5b9614f43eb21e11"
        },
        {
          "type": "cssRules",
          "assetId": "uU40WrBZmX",
          "checksum": "d9ff46d4648a211d5b9614f43eb21e11"
        },
        {
          "type": "renderModule",
          "assetId": "2MaJyIaWIXg",
          "checksum": "f5d97f9680985e1ed96f1270970a351c"
        },
        {
          "type": "cssRules",
          "assetId": "2MaJyIaWIXg",
          "checksum": "f5d97f9680985e1ed96f1270970a351c"
        },
        {
          "type": "icon",
          "assetId": "yjvXvlq8pDI",
          "checksum": "eaf41ed7ea51a13024bef51cdb57dc8b"
        },
        {
          "type": "icon",
          "assetId": "ZDvu8B59X",
          "checksum": "3a85745e61dacc99feedd709ca01eec6"
        },
        {
          "assetId": "az4W6VXcp4Uq4NJ5GtxTg5",
          "type": "projectCss",
          "checksum": "867c96add6bf5694afd783b046d06f73"
        }
      ],
      "codegenVersion": "0.0.1"
    },
    {
      "projectId": "5dGW8Awro3qq8Hh5MveXLP",
      "version": "0.0.2",
      "dependencies": {},
      "lang": "js",
      "fileLocks": [
        {
          "assetId": "5dGW8Awro3qq8Hh5MveXLP",
          "type": "projectCss",
          "checksum": "ef1042ef32b2d570733804dd04acfef3"
        }
      ],
      "codegenVersion": "0.0.1"
    }
  ],
  "cliVersion": "0.1.180"
}
