{
  "projects": [
    {
      "projectId": "az4W6VXcp4Uq4NJ5GtxTg5",
      "version": "latest",
      "dependencies": {},
      "lang": "js",
      "fileLocks": [
        {
          "type": "globalVariant",
          "assetId": "FETysW4npKkWF",
          "checksum": "252a4a87fba0edb0714289a6442a8953"
        },
        {
          "type": "renderModule",
          "assetId": "vi10MrC8cmIB",
          "checksum": "bc468bace01ab6275cc770b3b7432625"
        },
        {
          "type": "cssRules",
          "assetId": "vi10MrC8cmIB",
          "checksum": "bc468bace01ab6275cc770b3b7432625"
        },
        {
          "type": "renderModule",
          "assetId": "JejkMCPIcT0",
          "checksum": "7ae2f2cee283311811085b5dec537ee3"
        },
        {
          "type": "cssRules",
          "assetId": "JejkMCPIcT0",
          "checksum": "7ae2f2cee283311811085b5dec537ee3"
        },
        {
          "type": "renderModule",
          "assetId": "P1wXk6sJHC",
          "checksum": "7bccbcfe453fae99a1c5fdc7af26bfae"
        },
        {
          "type": "cssRules",
          "assetId": "P1wXk6sJHC",
          "checksum": "7bccbcfe453fae99a1c5fdc7af26bfae"
        },
        {
          "type": "icon",
          "assetId": "wD8IUIla8n5",
          "checksum": "0d7123787d50e4378c27d0061022152e"
        },
        {
          "type": "icon",
          "assetId": "I76wj2c3l3y",
          "checksum": "6b2591fa53c376f1cd81658660395d02"
        },
        {
          "assetId": "az4W6VXcp4Uq4NJ5GtxTg5",
          "type": "projectCss",
          "checksum": "2a257e0743b272064e9333042fb05bd7"
        },
        {
          "type": "renderModule",
          "assetId": "MyfX41bLoV",
          "checksum": "4d0f2c9d333ef2912a1767504f00d904"
        },
        {
          "type": "cssRules",
          "assetId": "MyfX41bLoV",
          "checksum": "4d0f2c9d333ef2912a1767504f00d904"
        },
        {
          "type": "renderModule",
          "assetId": "IzmpBP_M3P",
          "checksum": "b8c0c0afc9c22422a16f6b391a13fa0e"
        },
        {
          "type": "cssRules",
          "assetId": "IzmpBP_M3P",
          "checksum": "b8c0c0afc9c22422a16f6b391a13fa0e"
        },
        {
          "type": "renderModule",
          "assetId": "uU40WrBZmX",
          "checksum": "1b562240b286d71e2f233dc22c0c98c7"
        },
        {
          "type": "cssRules",
          "assetId": "uU40WrBZmX",
          "checksum": "1b562240b286d71e2f233dc22c0c98c7"
        },
        {
          "type": "renderModule",
          "assetId": "2MaJyIaWIXg",
          "checksum": "cdb541c9fda96c72208b2c6c8c74a8e6"
        },
        {
          "type": "cssRules",
          "assetId": "2MaJyIaWIXg",
          "checksum": "cdb541c9fda96c72208b2c6c8c74a8e6"
        },
        {
          "type": "icon",
          "assetId": "yjvXvlq8pDI",
          "checksum": "eaf41ed7ea51a13024bef51cdb57dc8b"
        }
      ],
      "codegenVersion": "0.0.1"
    }
  ],
  "cliVersion": "0.1.180"
}
